
Microsoft Visual Studio Solution File, Format Version 12.00
# Visual Studio 14
VisualStudioVersion = 14.0.25420.1
MinimumVisualStudioVersion = 10.0.40219.1
Project("{FAE04EC0-301F-11D3-BF4B-00C04F79EFBC}") = "BookStoreHost", "BookStoreHost\BookStoreHost.csproj", "{ACD79784-ADDE-44E9-8D06-3A8C3F14F3EE}"
EndProject
Project("{FAE04EC0-301F-11D3-BF4B-00C04F79EFBC}") = "BookStoreClessLibrary", "BookStoreClessLibrary\BookStoreClessLibrary.csproj", "{86D33DC4-5EA0-4E99-A53F-E6BE5C9B2403}"
EndProject
Project("{FAE04EC0-301F-11D3-BF4B-00C04F79EFBC}") = "BookStoreClient", "BookStoreClient\BookStoreClient.csproj", "{94079B55-58C3-4A0E-8A76-9B9E66BA0280}"
EndProject
Global
	GlobalSection(SolutionConfigurationPlatforms) = preSolution
		Debug|Any CPU = Debug|Any CPU
		Release|Any CPU = Release|Any CPU
	EndGlobalSection
	GlobalSection(ProjectConfigurationPlatforms) = postSolution
		{ACD79784-ADDE-44E9-8D06-3A8C3F14F3EE}.Debug|Any CPU.ActiveCfg = Debug|Any CPU
		{ACD79784-ADDE-44E9-8D06-3A8C3F14F3EE}.Debug|Any CPU.Build.0 = Debug|Any CPU
		{ACD79784-ADDE-44E9-8D06-3A8C3F14F3EE}.Release|Any CPU.ActiveCfg = Release|Any CPU
		{ACD79784-ADDE-44E9-8D06-3A8C3F14F3EE}.Release|Any CPU.Build.0 = Release|Any CPU
		{86D33DC4-5EA0-4E99-A53F-E6BE5C9B2403}.Debug|Any CPU.ActiveCfg = Debug|Any CPU
		{86D33DC4-5EA0-4E99-A53F-E6BE5C9B2403}.Debug|Any CPU.Build.0 = Debug|Any CPU
		{86D33DC4-5EA0-4E99-A53F-E6BE5C9B2403}.Release|Any CPU.ActiveCfg = Release|Any CPU
		{86D33DC4-5EA0-4E99-A53F-E6BE5C9B2403}.Release|Any CPU.Build.0 = Release|Any CPU
		{94079B55-58C3-4A0E-8A76-9B9E66BA0280}.Debug|Any CPU.ActiveCfg = Debug|Any CPU
		{94079B55-58C3-4A0E-8A76-9B9E66BA0280}.Debug|Any CPU.Build.0 = Debug|Any CPU
		{94079B55-58C3-4A0E-8A76-9B9E66BA0280}.Release|Any CPU.ActiveCfg = Release|Any CPU
		{94079B55-58C3-4A0E-8A76-9B9E66BA0280}.Release|Any CPU.Build.0 = Release|Any CPU
	EndGlobalSection
	GlobalSection(SolutionProperties) = preSolution
		HideSolutionNode = FALSE
	EndGlobalSection
EndGlobal
